// !$*UTF8*$!
{
	archiveVersion = 1;
	classes = {
	};
	objectVersion = 51;
	objects = {

/* Begin PBXBuildFile section */
		19793981254BA3E8009E7F69 /* esp32SmartConfigDemoApp.swift in Sources */ = {isa = PBXBuildFile; fileRef = 19793980254BA3E8009E7F69 /* esp32SmartConfigDemoApp.swift */; };
		19793983254BA3E8009E7F69 /* ContentView.swift in Sources */ = {isa = PBXBuildFile; fileRef = 19793982254BA3E8009E7F69 /* ContentView.swift */; };
		19793985254BA3E9009E7F69 /* Assets.xcassets in Resources */ = {isa = PBXBuildFile; fileRef = 19793984254BA3E9009E7F69 /* Assets.xcassets */; };
		19793988254BA3E9009E7F69 /* Preview Assets.xcassets in Resources */ = {isa = PBXBuildFile; fileRef = 19793987254BA3E9009E7F69 /* Preview Assets.xcassets */; };
		19E29E83254BDB02002D84D3 /* ESPTouch.swift in Sources */ = {isa = PBXBuildFile; fileRef = 19E29E82254BDB02002D84D3 /* ESPTouch.swift */; };
		19E29E89254BDCE9002D84D3 /* ESPTouchManager.swift in Sources */ = {isa = PBXBuildFile; fileRef = 19E29E88254BDCE9002D84D3 /* ESPTouchManager.swift */; };
		812252B6EB9B12ACC6DC97EC /* Pods_esp32SmartConfigDemo.framework in Frameworks */ = {isa = PBXBuildFile; fileRef = 9221B134FFE8BC9D637246B8 /* Pods_esp32SmartConfigDemo.framework */; };
/* End PBXBuildFile section */

/* Begin PBXFileReference section */
		1979397D254BA3E8009E7F69 /* esp32SmartConfigDemo.app */ = {isa = PBXFileReference; explicitFileType = wrapper.application; includeInIndex = 0; path = esp32SmartConfigDemo.app; sourceTree = BUILT_PRODUCTS_DIR; };
		19793980254BA3E8009E7F69 /* esp32SmartConfigDemoApp.swift */ = {isa = PBXFileReference; lastKnownFileType = sourcecode.swift; path = esp32SmartConfigDemoApp.swift; sourceTree = "<group>"; };
		19793982254BA3E8009E7F69 /* ContentView.swift */ = {isa = PBXFileReference; lastKnownFileType = sourcecode.swift; path = ContentView.swift; sourceTree = "<group>"; };
		19793984254BA3E9009E7F69 /* Assets.xcassets */ = {isa = PBXFileReference; lastKnownFileType = folder.assetcatalog; path = Assets.xcassets; sourceTree = "<group>"; };
		19793987254BA3E9009E7F69 /* Preview Assets.xcassets */ = {isa = PBXFileReference; lastKnownFileType = folder.assetcatalog; path = "Preview Assets.xcassets"; sourceTree = "<group>"; };
		19793989254BA3E9009E7F69 /* Info.plist */ = {isa = PBXFileReference; lastKnownFileType = text.plist.xml; path = Info.plist; sourceTree = "<group>"; };
		19793998254BAC08009E7F69 /* esp32SmartConfigDemo.entitlements */ = {isa = PBXFileReference; lastKnownFileType = text.plist.entitlements; path = esp32SmartConfigDemo.entitlements; sourceTree = "<group>"; };
		19E29E82254BDB02002D84D3 /* ESPTouch.swift */ = {isa = PBXFileReference; lastKnownFileType = sourcecode.swift; path = ESPTouch.swift; sourceTree = "<group>"; };
		19E29E88254BDCE9002D84D3 /* ESPTouchManager.swift */ = {isa = PBXFileReference; lastKnownFileType = sourcecode.swift; path = ESPTouchManager.swift; sourceTree = "<group>"; };
		57CC90C834312BA42203F592 /* Pods-esp32SmartConfigDemo.debug.xcconfig */ = {isa = PBXFileReference; includeInIndex = 1; lastKnownFileType = text.xcconfig; name = "Pods-esp32SmartConfigDemo.debug.xcconfig"; path = "Target Support Files/Pods-esp32SmartConfigDemo/Pods-esp32SmartConfigDemo.debug.xcconfig"; sourceTree = "<group>"; };
		7F2DDB83747AD823F602ABF4 /* Pods-esp32SmartConfigDemo.release.xcconfig */ = {isa = PBXFileReference; includeInIndex = 1; lastKnownFileType = text.xcconfig; name = "Pods-esp32SmartConfigDemo.release.xcconfig"; path = "Target Support Files/Pods-esp32SmartConfigDemo/Pods-esp32SmartConfigDemo.release.xcconfig"; sourceTree = "<group>"; };
		9221B134FFE8BC9D637246B8 /* Pods_esp32SmartConfigDemo.framework */ = {isa = PBXFileReference; explicitFileType = wrapper.framework; includeInIndex = 0; path = Pods_esp32SmartConfigDemo.framework; sourceTree = BUILT_PRODUCTS_DIR; };
/* End PBXFileReference section */

/* Begin PBXFrameworksBuildPhase section */
		1979397A254BA3E8009E7F69 /* Frameworks */ = {
			isa = PBXFrameworksBuildPhase;
			buildActionMask = 2147483647;
			files = (
				812252B6EB9B12ACC6DC97EC /* Pods_esp32SmartConfigDemo.framework in Frameworks */,
			);
			runOnlyForDeploymentPostprocessing = 0;
		};
/* End PBXFrameworksBuildPhase section */

/* Begin PBXGroup section */
		19793974254BA3E8009E7F69 = {
			isa = PBXGroup;
			children = (
				1979397F254BA3E8009E7F69 /* esp32SmartConfigDemo */,
				1979397E254BA3E8009E7F69 /* Products */,
				EBE055DCA9BE6F83E7813618 /* Pods */,
				F72AAC44CD8A47B5EA365CE4 /* Frameworks */,
			);
			sourceTree = "<group>";
		};
		1979397E254BA3E8009E7F69 /* Products */ = {
			isa = PBXGroup;
			children = (
				1979397D254BA3E8009E7F69 /* esp32SmartConfigDemo.app */,
			);
			name = Products;
			sourceTree = "<group>";
		};
		1979397F254BA3E8009E7F69 /* esp32SmartConfigDemo */ = {
			isa = PBXGroup;
			children = (
				19793998254BAC08009E7F69 /* esp32SmartConfigDemo.entitlements */,
				19793980254BA3E8009E7F69 /* esp32SmartConfigDemoApp.swift */,
				19E29E88254BDCE9002D84D3 /* ESPTouchManager.swift */,
				19E29E82254BDB02002D84D3 /* ESPTouch.swift */,
				19793982254BA3E8009E7F69 /* ContentView.swift */,
				19793984254BA3E9009E7F69 /* Assets.xcassets */,
				19793989254BA3E9009E7F69 /* Info.plist */,
				19793986254BA3E9009E7F69 /* Preview Content */,
			);
			path = esp32SmartConfigDemo;
			sourceTree = "<group>";
		};
		19793986254BA3E9009E7F69 /* Preview Content */ = {
			isa = PBXGroup;
			children = (
				19793987254BA3E9009E7F69 /* Preview Assets.xcassets */,
			);
			path = "Preview Content";
			sourceTree = "<group>";
		};
		EBE055DCA9BE6F83E7813618 /* Pods */ = {
			isa = PBXGroup;
			children = (
				57CC90C834312BA42203F592 /* Pods-esp32SmartConfigDemo.debug.xcconfig */,
				7F2DDB83747AD823F602ABF4 /* Pods-esp32SmartConfigDemo.release.xcconfig */,
			);
			path = Pods;
			sourceTree = "<group>";
		};
		F72AAC44CD8A47B5EA365CE4 /* Frameworks */ = {
			isa = PBXGroup;
			children = (
				9221B134FFE8BC9D637246B8 /* Pods_esp32SmartConfigDemo.framework */,
			);
			name = Frameworks;
			sourceTree = "<group>";
		};
/* End PBXGroup section */

/* Begin PBXNativeTarget section */
		1979397C254BA3E8009E7F69 /* esp32SmartConfigDemo */ = {
			isa = PBXNativeTarget;
			buildConfigurationList = 1979398C254BA3E9009E7F69 /* Build configuration list for PBXNativeTarget "esp32SmartConfigDemo" */;
			buildPhases = (
				1005269B33F2009D043A7483 /* [CP] Check Pods Manifest.lock */,
				19793979254BA3E8009E7F69 /* Sources */,
				1979397A254BA3E8009E7F69 /* Frameworks */,
				1979397B254BA3E8009E7F69 /* Resources */,
				FA8993647A266D3627DCC650 /* [CP] Embed Pods Frameworks */,
			);
			buildRules = (
			);
			dependencies = (
			);
			name = esp32SmartConfigDemo;
			productName = esp32SmartConfigDemo;
			productReference = 1979397D254BA3E8009E7F69 /* esp32SmartConfigDemo.app */;
			productType = "com.apple.product-type.application";
		};
/* End PBXNativeTarget section */

/* Begin PBXProject section */
		19793975254BA3E8009E7F69 /* Project object */ = {
			isa = PBXProject;
			attributes = {
				LastSwiftUpdateCheck = 1210;
				LastUpgradeCheck = 1210;
				TargetAttributes = {
					1979397C254BA3E8009E7F69 = {
						CreatedOnToolsVersion = 12.1;
					};
				};
			};
			buildConfigurationList = 19793978254BA3E8009E7F69 /* Build configuration list for PBXProject "esp32SmartConfigDemo" */;
			compatibilityVersion = "Xcode 9.3";
			developmentRegion = en;
			hasScannedForEncodings = 0;
			knownRegions = (
				en,
				Base,
			);
			mainGroup = 19793974254BA3E8009E7F69;
			productRefGroup = 1979397E254BA3E8009E7F69 /* Products */;
			projectDirPath = "";
			projectRoot = "";
			targets = (
				1979397C254BA3E8009E7F69 /* esp32SmartConfigDemo */,
			);
		};
/* End PBXProject section */

/* Begin PBXResourcesBuildPhase section */
		1979397B254BA3E8009E7F69 /* Resources */ = {
			isa = PBXResourcesBuildPhase;
			buildActionMask = 2147483647;
			files = (
				19793988254BA3E9009E7F69 /* Preview Assets.xcassets in Resources */,
				19793985254BA3E9009E7F69 /* Assets.xcassets in Resources */,
			);
			runOnlyForDeploymentPostprocessing = 0;
		};
/* End PBXResourcesBuildPhase section */

/* Begin PBXShellScriptBuildPhase section */
		1005269B33F2009D043A7483 /* [CP] Check Pods Manifest.lock */ = {
			isa = PBXShellScriptBuildPhase;
			buildActionMask = 2147483647;
			files = (
			);
			inputFileListPaths = (
			);
			inputPaths = (
				"${PODS_PODFILE_DIR_PATH}/Podfile.lock",
				"${PODS_ROOT}/Manifest.lock",
			);
			name = "[CP] Check Pods Manifest.lock";
			outputFileListPaths = (
			);
			outputPaths = (
				"$(DERIVED_FILE_DIR)/Pods-esp32SmartConfigDemo-checkManifestLockResult.txt",
			);
			runOnlyForDeploymentPostprocessing = 0;
			shellPath = /bin/sh;
			shellScript = "diff \"${PODS_PODFILE_DIR_PATH}/Podfile.lock\" \"${PODS_ROOT}/Manifest.lock\" > /dev/null\nif [ $? != 0 ] ; then\n    # print error to STDERR\n    echo \"error: The sandbox is not in sync with the Podfile.lock. Run 'pod install' or update your CocoaPods installation.\" >&2\n    exit 1\nfi\n# This output is used by Xcode 'outputs' to avoid re-running this script phase.\necho \"SUCCESS\" > \"${SCRIPT_OUTPUT_FILE_0}\"\n";
			showEnvVarsInLog = 0;
		};
		FA8993647A266D3627DCC650 /* [CP] Embed Pods Frameworks */ = {
			isa = PBXShellScriptBuildPhase;
			buildActionMask = 2147483647;
			files = (
			);
			inputFileListPaths = (
				"${PODS_ROOT}/Target Support Files/Pods-esp32SmartConfigDemo/Pods-esp32SmartConfigDemo-frameworks-${CONFIGURATION}-input-files.xcfilelist",
			);
			name = "[CP] Embed Pods Frameworks";
			outputFileListPaths = (
				"${PODS_ROOT}/Target Support Files/Pods-esp32SmartConfigDemo/Pods-esp32SmartConfigDemo-frameworks-${CONFIGURATION}-output-files.xcfilelist",
			);
			runOnlyForDeploymentPostprocessing = 0;
			shellPath = /bin/sh;
			shellScript = "\"${PODS_ROOT}/Target Support Files/Pods-esp32SmartConfigDemo/Pods-esp32SmartConfigDemo-frameworks.sh\"\n";
			showEnvVarsInLog = 0;
		};
/* End PBXShellScriptBuildPhase section */

/* Begin PBXSourcesBuildPhase section */
		19793979254BA3E8009E7F69 /* Sources */ = {
			isa = PBXSourcesBuildPhase;
			buildActionMask = 2147483647;
			files = (
				19E29E83254BDB02002D84D3 /* ESPTouch.swift in Sources */,
				19793983254BA3E8009E7F69 /* ContentView.swift in Sources */,
				19E29E89254BDCE9002D84D3 /* ESPTouchManager.swift in Sources */,
				19793981254BA3E8009E7F69 /* esp32SmartConfigDemoApp.swift in Sources */,
			);
			runOnlyForDeploymentPostprocessing = 0;
		};
/* End PBXSourcesBuildPhase section */

/* Begin XCBuildConfiguration section */
		1979398A254BA3E9009E7F69 /* Debug */ = {
			isa = XCBuildConfiguration;
			buildSettings = {
				ALWAYS_SEARCH_USER_PATHS = NO;
				CLANG_ANALYZER_NONNULL = YES;
				CLANG_ANALYZER_NUMBER_OBJECT_CONVERSION = YES_AGGRESSIVE;
				CLANG_CXX_LANGUAGE_STANDARD = "gnu++14";
				CLANG_CXX_LIBRARY = "libc++";
				CLANG_ENABLE_MODULES = YES;
				CLANG_ENABLE_OBJC_ARC = YES;
				CLANG_ENABLE_OBJC_WEAK = YES;
				CLANG_WARN_BLOCK_CAPTURE_AUTORELEASING = YES;
				CLANG_WARN_BOOL_CONVERSION = YES;
				CLANG_WARN_COMMA = YES;
				CLANG_WARN_CONSTANT_CONVERSION = YES;
				CLANG_WARN_DEPRECATED_OBJC_IMPLEMENTATIONS = YES;
				CLANG_WARN_DIRECT_OBJC_ISA_USAGE = YES_ERROR;
				CLANG_WARN_DOCUMENTATION_COMMENTS = YES;
				CLANG_WARN_EMPTY_BODY = YES;
				CLANG_WARN_ENUM_CONVERSION = YES;
				CLANG_WARN_INFINITE_RECURSION = YES;
				CLANG_WARN_INT_CONVERSION = YES;
				CLANG_WARN_NON_LITERAL_NULL_CONVERSION = YES;
				CLANG_WARN_OBJC_IMPLICIT_RETAIN_SELF = YES;
				CLANG_WARN_OBJC_LITERAL_CONVERSION = YES;
				CLANG_WARN_OBJC_ROOT_CLASS = YES_ERROR;
				CLANG_WARN_QUOTED_INCLUDE_IN_FRAMEWORK_HEADER = YES;
				CLANG_WARN_RANGE_LOOP_ANALYSIS = YES;
				CLANG_WARN_STRICT_PROTOTYPES = YES;
				CLANG_WARN_SUSPICIOUS_MOVE = YES;
				CLANG_WARN_UNGUARDED_AVAILABILITY = YES_AGGRESSIVE;
				CLANG_WARN_UNREACHABLE_CODE = YES;
				CLANG_WARN__DUPLICATE_METHOD_MATCH = YES;
				COPY_PHASE_STRIP = NO;
				DEBUG_INFORMATION_FORMAT = dwarf;
				ENABLE_STRICT_OBJC_MSGSEND = YES;
				ENABLE_TESTABILITY = YES;
				GCC_C_LANGUAGE_STANDARD = gnu11;
				GCC_DYNAMIC_NO_PIC = NO;
				GCC_NO_COMMON_BLOCKS = YES;
				GCC_OPTIMIZATION_LEVEL = 0;
				GCC_PREPROCESSOR_DEFINITIONS = (
					"DEBUG=1",
					"$(inherited)",
				);
				GCC_WARN_64_TO_32_BIT_CONVERSION = YES;
				GCC_WARN_ABOUT_RETURN_TYPE = YES_ERROR;
				GCC_WARN_UNDECLARED_SELECTOR = YES;
				GCC_WARN_UNINITIALIZED_AUTOS = YES_AGGRESSIVE;
				GCC_WARN_UNUSED_FUNCTION = YES;
				GCC_WARN_UNUSED_VARIABLE = YES;
				IPHONEOS_DEPLOYMENT_TARGET = 14.1;
				MTL_ENABLE_DEBUG_INFO = INCLUDE_SOURCE;
				MTL_FAST_MATH = YES;
				ONLY_ACTIVE_ARCH = YES;
				SDKROOT = iphoneos;
				SWIFT_ACTIVE_COMPILATION_CONDITIONS = DEBUG;
				SWIFT_OPTIMIZATION_LEVEL = "-Onone";
			};
			name = Debug;
		};
		1979398B254BA3E9009E7F69 /* Release */ = {
			isa = XCBuildConfiguration;
			buildSettings = {
				ALWAYS_SEARCH_USER_PATHS = NO;
				CLANG_ANALYZER_NONNULL = YES;
				CLANG_ANALYZER_NUMBER_OBJECT_CONVERSION = YES_AGGRESSIVE;
				CLANG_CXX_LANGUAGE_STANDARD = "gnu++14";
				CLANG_CXX_LIBRARY = "libc++";
				CLANG_ENABLE_MODULES = YES;
				CLANG_ENABLE_OBJC_ARC = YES;
				CLANG_ENABLE_OBJC_WEAK = YES;
				CLANG_WARN_BLOCK_CAPTURE_AUTORELEASING = YES;
				CLANG_WARN_BOOL_CONVERSION = YES;
				CLANG_WARN_COMMA = YES;
				CLANG_WARN_CONSTANT_CONVERSION = YES;
				CLANG_WARN_DEPRECATED_OBJC_IMPLEMENTATIONS = YES;
				CLANG_WARN_DIRECT_OBJC_ISA_USAGE = YES_ERROR;
				CLANG_WARN_DOCUMENTATION_COMMENTS = YES;
				CLANG_WARN_EMPTY_BODY = YES;
				CLANG_WARN_ENUM_CONVERSION = YES;
				CLANG_WARN_INFINITE_RECURSION = YES;
				CLANG_WARN_INT_CONVERSION = YES;
				CLANG_WARN_NON_LITERAL_NULL_CONVERSION = YES;
				CLANG_WARN_OBJC_IMPLICIT_RETAIN_SELF = YES;
				CLANG_WARN_OBJC_LITERAL_CONVERSION = YES;
				CLANG_WARN_OBJC_ROOT_CLASS = YES_ERROR;
				CLANG_WARN_QUOTED_INCLUDE_IN_FRAMEWORK_HEADER = YES;
				CLANG_WARN_RANGE_LOOP_ANALYSIS = YES;
				CLANG_WARN_STRICT_PROTOTYPES = YES;
				CLANG_WARN_SUSPICIOUS_MOVE = YES;
				CLANG_WARN_UNGUARDED_AVAILABILITY = YES_AGGRESSIVE;
				CLANG_WARN_UNREACHABLE_CODE = YES;
				CLANG_WARN__DUPLICATE_METHOD_MATCH = YES;
				COPY_PHASE_STRIP = NO;
				DEBUG_INFORMATION_FORMAT = "dwarf-with-dsym";
				ENABLE_NS_ASSERTIONS = NO;
				ENABLE_STRICT_OBJC_MSGSEND = YES;
				GCC_C_LANGUAGE_STANDARD = gnu11;
				GCC_NO_COMMON_BLOCKS = YES;
				GCC_WARN_64_TO_32_BIT_CONVERSION = YES;
				GCC_WARN_ABOUT_RETURN_TYPE = YES_ERROR;
				GCC_WARN_UNDECLARED_SELECTOR = YES;
				GCC_WARN_UNINITIALIZED_AUTOS = YES_AGGRESSIVE;
				GCC_WARN_UNUSED_FUNCTION = YES;
				GCC_WARN_UNUSED_VARIABLE = YES;
				IPHONEOS_DEPLOYMENT_TARGET = 14.1;
				MTL_ENABLE_DEBUG_INFO = NO;
				MTL_FAST_MATH = YES;
				SDKROOT = iphoneos;
				SWIFT_COMPILATION_MODE = wholemodule;
				SWIFT_OPTIMIZATION_LEVEL = "-O";
				VALIDATE_PRODUCT = YES;
			};
			name = Release;
		};
		1979398D254BA3E9009E7F69 /* Debug */ = {
			isa = XCBuildConfiguration;
			baseConfigurationReference = 57CC90C834312BA42203F592 /* Pods-esp32SmartConfigDemo.debug.xcconfig */;
			buildSettings = {
				ASSETCATALOG_COMPILER_APPICON_NAME = AppIcon;
				ASSETCATALOG_COMPILER_GLOBAL_ACCENT_COLOR_NAME = AccentColor;
				CODE_SIGN_ENTITLEMENTS = esp32SmartConfigDemo/esp32SmartConfigDemo.entitlements;
				CODE_SIGN_STYLE = Automatic;
				DEVELOPMENT_ASSET_PATHS = "\"esp32SmartConfigDemo/Preview Content\"";
				DEVELOPMENT_TEAM = 8LQL44BZN4;
				ENABLE_PREVIEWS = YES;
				INFOPLIST_FILE = esp32SmartConfigDemo/Info.plist;
				IPHONEOS_DEPLOYMENT_TARGET = 14.1;
				LD_RUNPATH_SEARCH_PATHS = (
					"$(inherited)",
					"@executable_path/Frameworks",
				);
				PRODUCT_BUNDLE_IDENTIFIER = wwplabs.esp32SmartConfigDemo;
				PRODUCT_NAME = "$(TARGET_NAME)";
				SWIFT_VERSION = 5.0;
				TARGETED_DEVICE_FAMILY = "1,2";
			};
			name = Debug;
		};
		1979398E254BA3E9009E7F69 /* Release */ = {
			isa = XCBuildConfiguration;
			baseConfigurationReference = 7F2DDB83747AD823F602ABF4 /* Pods-esp32SmartConfigDemo.release.xcconfig */;
			buildSettings = {
				ASSETCATALOG_COMPILER_APPICON_NAME = AppIcon;
				ASSETCATALOG_COMPILER_GLOBAL_ACCENT_COLOR_NAME = AccentColor;
				CODE_SIGN_ENTITLEMENTS = esp32SmartConfigDemo/esp32SmartConfigDemo.entitlements;
				CODE_SIGN_STYLE = Automatic;
				DEVELOPMENT_ASSET_PATHS = "\"esp32SmartConfigDemo/Preview Content\"";
				DEVELOPMENT_TEAM = 8LQL44BZN4;
				ENABLE_PREVIEWS = YES;
				INFOPLIST_FILE = esp32SmartConfigDemo/Info.plist;
				IPHONEOS_DEPLOYMENT_TARGET = 14.1;
				LD_RUNPATH_SEARCH_PATHS = (
					"$(inherited)",
					"@executable_path/Frameworks",
				);
				PRODUCT_BUNDLE_IDENTIFIER = wwplabs.esp32SmartConfigDemo;
				PRODUCT_NAME = "$(TARGET_NAME)";
				SWIFT_VERSION = 5.0;
				TARGETED_DEVICE_FAMILY = "1,2";
			};
			name = Release;
		};
/* End XCBuildConfiguration section */

/* Begin XCConfigurationList section */
		19793978254BA3E8009E7F69 /* Build configuration list for PBXProject "esp32SmartConfigDemo" */ = {
			isa = XCConfigurationList;
			buildConfigurations = (
				1979398A254BA3E9009E7F69 /* Debug */,
				1979398B254BA3E9009E7F69 /* Release */,
			);
			defaultConfigurationIsVisible = 0;
			defaultConfigurationName = Release;
		};
		1979398C254BA3E9009E7F69 /* Build configuration list for PBXNativeTarget "esp32SmartConfigDemo" */ = {
			isa = XCConfigurationList;
			buildConfigurations = (
				1979398D254BA3E9009E7F69 /* Debug */,
				1979398E254BA3E9009E7F69 /* Release */,
			);
			defaultConfigurationIsVisible = 0;
			defaultConfigurationName = Release;
		};
/* End XCConfigurationList section */
	};
	rootObject = 19793975254BA3E8009E7F69 /* Project object */;
}
